// !$*UTF8*$!
{
	archiveVersion = 1;
	classes = {
	};
	objectVersion = 50;
	objects = {

/* Begin PBXBuildFile section */
		6C0AC35A21B8D3FC00602DB8 /* PhotoView.xib in Resources */ = {isa = PBXBuildFile; fileRef = 6C0AC35921B8D3FC00602DB8 /* PhotoView.xib */; };
		6C0AC35C21B8D5F500602DB8 /* PhotoView.swift in Sources */ = {isa = PBXBuildFile; fileRef = 6C0AC35B21B8D5F500602DB8 /* PhotoView.swift */; };
		6C0AC35E21B9081500602DB8 /* SendCardVC.swift in Sources */ = {isa = PBXBuildFile; fileRef = 6C0AC35D21B9081500602DB8 /* SendCardVC.swift */; };
		6CE5409121B77EC90086FE2B /* AppDelegate.swift in Sources */ = {isa = PBXBuildFile; fileRef = 6CE5409021B77EC90086FE2B /* AppDelegate.swift */; };
		6CE5409621B77EC90086FE2B /* Main.storyboard in Resources */ = {isa = PBXBuildFile; fileRef = 6CE5409421B77EC90086FE2B /* Main.storyboard */; };
		6CE5409821B77ECA0086FE2B /* Assets.xcassets in Resources */ = {isa = PBXBuildFile; fileRef = 6CE5409721B77ECA0086FE2B /* Assets.xcassets */; };
		6CE5409B21B77ECA0086FE2B /* LaunchScreen.storyboard in Resources */ = {isa = PBXBuildFile; fileRef = 6CE5409921B77ECA0086FE2B /* LaunchScreen.storyboard */; };
		6CE540AB21B77EDF0086FE2B /* Image.swift in Sources */ = {isa = PBXBuildFile; fileRef = 6CE540A321B77EDF0086FE2B /* Image.swift */; };
		6CE540AC21B77EDF0086FE2B /* Quote.swift in Sources */ = {isa = PBXBuildFile; fileRef = 6CE540A421B77EDF0086FE2B /* Quote.swift */; };
		6CE540AD21B77EDF0086FE2B /* Category.swift in Sources */ = {isa = PBXBuildFile; fileRef = 6CE540A521B77EDF0086FE2B /* Category.swift */; };
		6CE540AE21B77EDF0086FE2B /* DataRequest.swift in Sources */ = {isa = PBXBuildFile; fileRef = 6CE540A621B77EDF0086FE2B /* DataRequest.swift */; };
		6CE540AF21B77EDF0086FE2B /* Images.plist in Resources */ = {isa = PBXBuildFile; fileRef = 6CE540A821B77EDF0086FE2B /* Images.plist */; };
		6CE540B021B77EDF0086FE2B /* Quotes.plist in Resources */ = {isa = PBXBuildFile; fileRef = 6CE540A921B77EDF0086FE2B /* Quotes.plist */; };
		6CE540B121B77EDF0086FE2B /* Categories.plist in Resources */ = {isa = PBXBuildFile; fileRef = 6CE540AA21B77EDF0086FE2B /* Categories.plist */; };
		6CE540B321B77F0A0086FE2B /* MainCVC.swift in Sources */ = {isa = PBXBuildFile; fileRef = 6CE540B221B77F0A0086FE2B /* MainCVC.swift */; };
		6CE540BA21B7805A0086FE2B /* Montserrat-Medium.ttf in Resources */ = {isa = PBXBuildFile; fileRef = 6CE540B521B7805A0086FE2B /* Montserrat-Medium.ttf */; };
		6CE540BB21B7805A0086FE2B /* Montserrat-ExtraLight.ttf in Resources */ = {isa = PBXBuildFile; fileRef = 6CE540B621B7805A0086FE2B /* Montserrat-ExtraLight.ttf */; };
		6CE540BC21B7805A0086FE2B /* Montserrat-Bold.ttf in Resources */ = {isa = PBXBuildFile; fileRef = 6CE540B721B7805A0086FE2B /* Montserrat-Bold.ttf */; };
		6CE540BD21B7805A0086FE2B /* Montserrat-SemiBold.ttf in Resources */ = {isa = PBXBuildFile; fileRef = 6CE540B821B7805A0086FE2B /* Montserrat-SemiBold.ttf */; };
		6CE540BE21B7805A0086FE2B /* Montserrat-Regular.ttf in Resources */ = {isa = PBXBuildFile; fileRef = 6CE540B921B7805A0086FE2B /* Montserrat-Regular.ttf */; };
		6CE540C021B785020086FE2B /* CategoryCollectionViewCell.swift in Sources */ = {isa = PBXBuildFile; fileRef = 6CE540BF21B785020086FE2B /* CategoryCollectionViewCell.swift */; };
		6CE540C421B7BB030086FE2B /* ImageSelectionVC.swift in Sources */ = {isa = PBXBuildFile; fileRef = 6CE540C321B7BB030086FE2B /* ImageSelectionVC.swift */; };
		6CE540C621B7BEBB0086FE2B /* ScaleTransitioningDelegate.swift in Sources */ = {isa = PBXBuildFile; fileRef = 6CE540C521B7BEBB0086FE2B /* ScaleTransitioningDelegate.swift */; };
/* End PBXBuildFile section */

/* Begin PBXFileReference section */
		6C0AC35921B8D3FC00602DB8 /* PhotoView.xib */ = {isa = PBXFileReference; lastKnownFileType = file.xib; path = PhotoView.xib; sourceTree = "<group>"; };
		6C0AC35B21B8D5F500602DB8 /* PhotoView.swift */ = {isa = PBXFileReference; lastKnownFileType = sourcecode.swift; path = PhotoView.swift; sourceTree = "<group>"; };
		6C0AC35D21B9081500602DB8 /* SendCardVC.swift */ = {isa = PBXFileReference; lastKnownFileType = sourcecode.swift; path = SendCardVC.swift; sourceTree = "<group>"; };
		6CE5408D21B77EC90086FE2B /* CardDrop.app */ = {isa = PBXFileReference; explicitFileType = wrapper.application; includeInIndex = 0; path = CardDrop.app; sourceTree = BUILT_PRODUCTS_DIR; };
		6CE5409021B77EC90086FE2B /* AppDelegate.swift */ = {isa = PBXFileReference; lastKnownFileType = sourcecode.swift; path = AppDelegate.swift; sourceTree = "<group>"; };
		6CE5409521B77EC90086FE2B /* Base */ = {isa = PBXFileReference; lastKnownFileType = file.storyboard; name = Base; path = Base.lproj/Main.storyboard; sourceTree = "<group>"; };
		6CE5409721B77ECA0086FE2B /* Assets.xcassets */ = {isa = PBXFileReference; lastKnownFileType = folder.assetcatalog; path = Assets.xcassets; sourceTree = "<group>"; };
		6CE5409A21B77ECA0086FE2B /* Base */ = {isa = PBXFileReference; lastKnownFileType = file.storyboard; name = Base; path = Base.lproj/LaunchScreen.storyboard; sourceTree = "<group>"; };
		6CE5409C21B77ECA0086FE2B /* Info.plist */ = {isa = PBXFileReference; lastKnownFileType = text.plist.xml; path = Info.plist; sourceTree = "<group>"; };
		6CE540A321B77EDF0086FE2B /* Image.swift */ = {isa = PBXFileReference; fileEncoding = 4; lastKnownFileType = sourcecode.swift; path = Image.swift; sourceTree = "<group>"; };
		6CE540A421B77EDF0086FE2B /* Quote.swift */ = {isa = PBXFileReference; fileEncoding = 4; lastKnownFileType = sourcecode.swift; path = Quote.swift; sourceTree = "<group>"; };
		6CE540A521B77EDF0086FE2B /* Category.swift */ = {isa = PBXFileReference; fileEncoding = 4; lastKnownFileType = sourcecode.swift; path = Category.swift; sourceTree = "<group>"; };
		6CE540A621B77EDF0086FE2B /* DataRequest.swift */ = {isa = PBXFileReference; fileEncoding = 4; lastKnownFileType = sourcecode.swift; path = DataRequest.swift; sourceTree = "<group>"; };
		6CE540A821B77EDF0086FE2B /* Images.plist */ = {isa = PBXFileReference; fileEncoding = 4; lastKnownFileType = text.plist.xml; path = Images.plist; sourceTree = "<group>"; };
		6CE540A921B77EDF0086FE2B /* Quotes.plist */ = {isa = PBXFileReference; fileEncoding = 4; lastKnownFileType = text.plist.xml; path = Quotes.plist; sourceTree = "<group>"; };
		6CE540AA21B77EDF0086FE2B /* Categories.plist */ = {isa = PBXFileReference; fileEncoding = 4; lastKnownFileType = text.plist.xml; path = Categories.plist; sourceTree = "<group>"; };
		6CE540B221B77F0A0086FE2B /* MainCVC.swift */ = {isa = PBXFileReference; lastKnownFileType = sourcecode.swift; path = MainCVC.swift; sourceTree = "<group>"; };
		6CE540B521B7805A0086FE2B /* Montserrat-Medium.ttf */ = {isa = PBXFileReference; lastKnownFileType = file; path = "Montserrat-Medium.ttf"; sourceTree = "<group>"; };
		6CE540B621B7805A0086FE2B /* Montserrat-ExtraLight.ttf */ = {isa = PBXFileReference; lastKnownFileType = file; path = "Montserrat-ExtraLight.ttf"; sourceTree = "<group>"; };
		6CE540B721B7805A0086FE2B /* Montserrat-Bold.ttf */ = {isa = PBXFileReference; lastKnownFileType = file; path = "Montserrat-Bold.ttf"; sourceTree = "<group>"; };
		6CE540B821B7805A0086FE2B /* Montserrat-SemiBold.ttf */ = {isa = PBXFileReference; lastKnownFileType = file; path = "Montserrat-SemiBold.ttf"; sourceTree = "<group>"; };
		6CE540B921B7805A0086FE2B /* Montserrat-Regular.ttf */ = {isa = PBXFileReference; lastKnownFileType = file; path = "Montserrat-Regular.ttf"; sourceTree = "<group>"; };
		6CE540BF21B785020086FE2B /* CategoryCollectionViewCell.swift */ = {isa = PBXFileReference; lastKnownFileType = sourcecode.swift; path = CategoryCollectionViewCell.swift; sourceTree = "<group>"; };
		6CE540C321B7BB030086FE2B /* ImageSelectionVC.swift */ = {isa = PBXFileReference; lastKnownFileType = sourcecode.swift; path = ImageSelectionVC.swift; sourceTree = "<group>"; };
		6CE540C521B7BEBB0086FE2B /* ScaleTransitioningDelegate.swift */ = {isa = PBXFileReference; lastKnownFileType = sourcecode.swift; path = ScaleTransitioningDelegate.swift; sourceTree = "<group>"; };
/* End PBXFileReference section */

/* Begin PBXFrameworksBuildPhase section */
		6CE5408A21B77EC90086FE2B /* Frameworks */ = {
			isa = PBXFrameworksBuildPhase;
			buildActionMask = 2147483647;
			files = (
			);
			runOnlyForDeploymentPostprocessing = 0;
		};
/* End PBXFrameworksBuildPhase section */

/* Begin PBXGroup section */
		6CE5408421B77EC90086FE2B = {
			isa = PBXGroup;
			children = (
				6CE5408F21B77EC90086FE2B /* CardDrop */,
				6CE5408E21B77EC90086FE2B /* Products */,
			);
			sourceTree = "<group>";
		};
		6CE5408E21B77EC90086FE2B /* Products */ = {
			isa = PBXGroup;
			children = (
				6CE5408D21B77EC90086FE2B /* CardDrop.app */,
			);
			name = Products;
			sourceTree = "<group>";
		};
		6CE5408F21B77EC90086FE2B /* CardDrop */ = {
			isa = PBXGroup;
			children = (
				6CE540A221B77EDF0086FE2B /* Model */,
				6CE540A721B77EDF0086FE2B /* Data */,
				6CE540C121B785070086FE2B /* View */,
				6CE540C221B785160086FE2B /* Controller */,
				6CE5409021B77EC90086FE2B /* AppDelegate.swift */,
				6CE5409421B77EC90086FE2B /* Main.storyboard */,
				6CE5409721B77ECA0086FE2B /* Assets.xcassets */,
				6CE540B421B7805A0086FE2B /* Fonts */,
				6CE5409921B77ECA0086FE2B /* LaunchScreen.storyboard */,
				6CE5409C21B77ECA0086FE2B /* Info.plist */,
			);
			path = CardDrop;
			sourceTree = "<group>";
		};
		6CE540A221B77EDF0086FE2B /* Model */ = {
			isa = PBXGroup;
			children = (
				6CE540A321B77EDF0086FE2B /* Image.swift */,
				6CE540A421B77EDF0086FE2B /* Quote.swift */,
				6CE540A521B77EDF0086FE2B /* Category.swift */,
				6CE540A621B77EDF0086FE2B /* DataRequest.swift */,
			);
			path = Model;
			sourceTree = "<group>";
		};
		6CE540A721B77EDF0086FE2B /* Data */ = {
			isa = PBXGroup;
			children = (
				6CE540A821B77EDF0086FE2B /* Images.plist */,
				6CE540A921B77EDF0086FE2B /* Quotes.plist */,
				6CE540AA21B77EDF0086FE2B /* Categories.plist */,
			);
			path = Data;
			sourceTree = "<group>";
		};
		6CE540B421B7805A0086FE2B /* Fonts */ = {
			isa = PBXGroup;
			children = (
				6CE540B521B7805A0086FE2B /* Montserrat-Medium.ttf */,
				6CE540B621B7805A0086FE2B /* Montserrat-ExtraLight.ttf */,
				6CE540B721B7805A0086FE2B /* Montserrat-Bold.ttf */,
				6CE540B821B7805A0086FE2B /* Montserrat-SemiBold.ttf */,
				6CE540B921B7805A0086FE2B /* Montserrat-Regular.ttf */,
			);
			path = Fonts;
			sourceTree = "<group>";
		};
		6CE540C121B785070086FE2B /* View */ = {
			isa = PBXGroup;
			children = (
				6C0AC35921B8D3FC00602DB8 /* PhotoView.xib */,
				6C0AC35B21B8D5F500602DB8 /* PhotoView.swift */,
				6CE540BF21B785020086FE2B /* CategoryCollectionViewCell.swift */,
				6CE540C521B7BEBB0086FE2B /* ScaleTransitioningDelegate.swift */,
			);
			path = View;
			sourceTree = "<group>";
		};
		6CE540C221B785160086FE2B /* Controller */ = {
			isa = PBXGroup;
			children = (
				6CE540B221B77F0A0086FE2B /* MainCVC.swift */,
				6CE540C321B7BB030086FE2B /* ImageSelectionVC.swift */,
				6C0AC35D21B9081500602DB8 /* SendCardVC.swift */,
			);
			path = Controller;
			sourceTree = "<group>";
		};
/* End PBXGroup section */

/* Begin PBXNativeTarget section */
		6CE5408C21B77EC90086FE2B /* CardDrop */ = {
			isa = PBXNativeTarget;
			buildConfigurationList = 6CE5409F21B77ECA0086FE2B /* Build configuration list for PBXNativeTarget "CardDrop" */;
			buildPhases = (
				6CE5408921B77EC90086FE2B /* Sources */,
				6CE5408A21B77EC90086FE2B /* Frameworks */,
				6CE5408B21B77EC90086FE2B /* Resources */,
			);
			buildRules = (
			);
			dependencies = (
			);
			name = CardDrop;
			productName = CardDrop;
			productReference = 6CE5408D21B77EC90086FE2B /* CardDrop.app */;
			productType = "com.apple.product-type.application";
		};
/* End PBXNativeTarget section */

/* Begin PBXProject section */
		6CE5408521B77EC90086FE2B /* Project object */ = {
			isa = PBXProject;
			attributes = {
				LastSwiftUpdateCheck = 1010;
				LastUpgradeCheck = 1010;
				ORGANIZATIONNAME = Appdelight;
				TargetAttributes = {
					6CE5408C21B77EC90086FE2B = {
						CreatedOnToolsVersion = 10.1;
					};
				};
			};
			buildConfigurationList = 6CE5408821B77EC90086FE2B /* Build configuration list for PBXProject "CardDrop" */;
			compatibilityVersion = "Xcode 9.3";
			developmentRegion = en;
			hasScannedForEncodings = 0;
			knownRegions = (
				en,
				Base,
			);
			mainGroup = 6CE5408421B77EC90086FE2B;
			productRefGroup = 6CE5408E21B77EC90086FE2B /* Products */;
			projectDirPath = "";
			projectRoot = "";
			targets = (
				6CE5408C21B77EC90086FE2B /* CardDrop */,
			);
		};
/* End PBXProject section */

/* Begin PBXResourcesBuildPhase section */
		6CE5408B21B77EC90086FE2B /* Resources */ = {
			isa = PBXResourcesBuildPhase;
			buildActionMask = 2147483647;
			files = (
				6CE540AF21B77EDF0086FE2B /* Images.plist in Resources */,
				6CE540BE21B7805A0086FE2B /* Montserrat-Regular.ttf in Resources */,
				6CE5409B21B77ECA0086FE2B /* LaunchScreen.storyboard in Resources */,
				6CE5409821B77ECA0086FE2B /* Assets.xcassets in Resources */,
				6CE540BA21B7805A0086FE2B /* Montserrat-Medium.ttf in Resources */,
				6CE540BD21B7805A0086FE2B /* Montserrat-SemiBold.ttf in Resources */,
				6CE540B021B77EDF0086FE2B /* Quotes.plist in Resources */,
				6CE540BC21B7805A0086FE2B /* Montserrat-Bold.ttf in Resources */,
				6CE540BB21B7805A0086FE2B /* Montserrat-ExtraLight.ttf in Resources */,
				6CE540B121B77EDF0086FE2B /* Categories.plist in Resources */,
				6CE5409621B77EC90086FE2B /* Main.storyboard in Resources */,
				6C0AC35A21B8D3FC00602DB8 /* PhotoView.xib in Resources */,
			);
			runOnlyForDeploymentPostprocessing = 0;
		};
/* End PBXResourcesBuildPhase section */

/* Begin PBXSourcesBuildPhase section */
		6CE5408921B77EC90086FE2B /* Sources */ = {
			isa = PBXSourcesBuildPhase;
			buildActionMask = 2147483647;
			files = (
				6C0AC35E21B9081500602DB8 /* SendCardVC.swift in Sources */,
				6CE540AC21B77EDF0086FE2B /* Quote.swift in Sources */,
				6CE540B321B77F0A0086FE2B /* MainCVC.swift in Sources */,
				6CE540AD21B77EDF0086FE2B /* Category.swift in Sources */,
				6C0AC35C21B8D5F500602DB8 /* PhotoView.swift in Sources */,
				6CE540C421B7BB030086FE2B /* ImageSelectionVC.swift in Sources */,
				6CE540C621B7BEBB0086FE2B /* ScaleTransitioningDelegate.swift in Sources */,
				6CE540AE21B77EDF0086FE2B /* DataRequest.swift in Sources */,
				6CE540AB21B77EDF0086FE2B /* Image.swift in Sources */,
				6CE540C021B785020086FE2B /* CategoryCollectionViewCell.swift in Sources */,
				6CE5409121B77EC90086FE2B /* AppDelegate.swift in Sources */,
			);
			runOnlyForDeploymentPostprocessing = 0;
		};
/* End PBXSourcesBuildPhase section */

/* Begin PBXVariantGroup section */
		6CE5409421B77EC90086FE2B /* Main.storyboard */ = {
			isa = PBXVariantGroup;
			children = (
				6CE5409521B77EC90086FE2B /* Base */,
			);
			name = Main.storyboard;
			sourceTree = "<group>";
		};
		6CE5409921B77ECA0086FE2B /* LaunchScreen.storyboard */ = {
			isa = PBXVariantGroup;
			children = (
				6CE5409A21B77ECA0086FE2B /* Base */,
			);
			name = LaunchScreen.storyboard;
			sourceTree = "<group>";
		};
/* End PBXVariantGroup section */

/* Begin XCBuildConfiguration section */
		6CE5409D21B77ECA0086FE2B /* Debug */ = {
			isa = XCBuildConfiguration;
			buildSettings = {
				ALWAYS_SEARCH_USER_PATHS = NO;
				CLANG_ANALYZER_NONNULL = YES;
				CLANG_ANALYZER_NUMBER_OBJECT_CONVERSION = YES_AGGRESSIVE;
				CLANG_CXX_LANGUAGE_STANDARD = "gnu++14";
				CLANG_CXX_LIBRARY = "libc++";
				CLANG_ENABLE_MODULES = YES;
				CLANG_ENABLE_OBJC_ARC = YES;
				CLANG_ENABLE_OBJC_WEAK = YES;
				CLANG_WARN_BLOCK_CAPTURE_AUTORELEASING = YES;
				CLANG_WARN_BOOL_CONVERSION = YES;
				CLANG_WARN_COMMA = YES;
				CLANG_WARN_CONSTANT_CONVERSION = YES;
				CLANG_WARN_DEPRECATED_OBJC_IMPLEMENTATIONS = YES;
				CLANG_WARN_DIRECT_OBJC_ISA_USAGE = YES_ERROR;
				CLANG_WARN_DOCUMENTATION_COMMENTS = YES;
				CLANG_WARN_EMPTY_BODY = YES;
				CLANG_WARN_ENUM_CONVERSION = YES;
				CLANG_WARN_INFINITE_RECURSION = YES;
				CLANG_WARN_INT_CONVERSION = YES;
				CLANG_WARN_NON_LITERAL_NULL_CONVERSION = YES;
				CLANG_WARN_OBJC_IMPLICIT_RETAIN_SELF = YES;
				CLANG_WARN_OBJC_LITERAL_CONVERSION = YES;
				CLANG_WARN_OBJC_ROOT_CLASS = YES_ERROR;
				CLANG_WARN_RANGE_LOOP_ANALYSIS = YES;
				CLANG_WARN_STRICT_PROTOTYPES = YES;
				CLANG_WARN_SUSPICIOUS_MOVE = YES;
				CLANG_WARN_UNGUARDED_AVAILABILITY = YES_AGGRESSIVE;
				CLANG_WARN_UNREACHABLE_CODE = YES;
				CLANG_WARN__DUPLICATE_METHOD_MATCH = YES;
				CODE_SIGN_IDENTITY = "iPhone Developer";
				COPY_PHASE_STRIP = NO;
				DEBUG_INFORMATION_FORMAT = dwarf;
				ENABLE_STRICT_OBJC_MSGSEND = YES;
				ENABLE_TESTABILITY = YES;
				GCC_C_LANGUAGE_STANDARD = gnu11;
				GCC_DYNAMIC_NO_PIC = NO;
				GCC_NO_COMMON_BLOCKS = YES;
				GCC_OPTIMIZATION_LEVEL = 0;
				GCC_PREPROCESSOR_DEFINITIONS = (
					"DEBUG=1",
					"$(inherited)",
				);
				GCC_WARN_64_TO_32_BIT_CONVERSION = YES;
				GCC_WARN_ABOUT_RETURN_TYPE = YES_ERROR;
				GCC_WARN_UNDECLARED_SELECTOR = YES;
				GCC_WARN_UNINITIALIZED_AUTOS = YES_AGGRESSIVE;
				GCC_WARN_UNUSED_FUNCTION = YES;
				GCC_WARN_UNUSED_VARIABLE = YES;
				IPHONEOS_DEPLOYMENT_TARGET = 12.1;
				MTL_ENABLE_DEBUG_INFO = INCLUDE_SOURCE;
				MTL_FAST_MATH = YES;
				ONLY_ACTIVE_ARCH = YES;
				SDKROOT = iphoneos;
				SWIFT_ACTIVE_COMPILATION_CONDITIONS = DEBUG;
				SWIFT_OPTIMIZATION_LEVEL = "-Onone";
			};
			name = Debug;
		};
		6CE5409E21B77ECA0086FE2B /* Release */ = {
			isa = XCBuildConfiguration;
			buildSettings = {
				ALWAYS_SEARCH_USER_PATHS = NO;
				CLANG_ANALYZER_NONNULL = YES;
				CLANG_ANALYZER_NUMBER_OBJECT_CONVERSION = YES_AGGRESSIVE;
				CLANG_CXX_LANGUAGE_STANDARD = "gnu++14";
				CLANG_CXX_LIBRARY = "libc++";
				CLANG_ENABLE_MODULES = YES;
				CLANG_ENABLE_OBJC_ARC = YES;
				CLANG_ENABLE_OBJC_WEAK = YES;
				CLANG_WARN_BLOCK_CAPTURE_AUTORELEASING = YES;
				CLANG_WARN_BOOL_CONVERSION = YES;
				CLANG_WARN_COMMA = YES;
				CLANG_WARN_CONSTANT_CONVERSION = YES;
				CLANG_WARN_DEPRECATED_OBJC_IMPLEMENTATIONS = YES;
				CLANG_WARN_DIRECT_OBJC_ISA_USAGE = YES_ERROR;
				CLANG_WARN_DOCUMENTATION_COMMENTS = YES;
				CLANG_WARN_EMPTY_BODY = YES;
				CLANG_WARN_ENUM_CONVERSION = YES;
				CLANG_WARN_INFINITE_RECURSION = YES;
				CLANG_WARN_INT_CONVERSION = YES;
				CLANG_WARN_NON_LITERAL_NULL_CONVERSION = YES;
				CLANG_WARN_OBJC_IMPLICIT_RETAIN_SELF = YES;
				CLANG_WARN_OBJC_LITERAL_CONVERSION = YES;
				CLANG_WARN_OBJC_ROOT_CLASS = YES_ERROR;
				CLANG_WARN_RANGE_LOOP_ANALYSIS = YES;
				CLANG_WARN_STRICT_PROTOTYPES = YES;
				CLANG_WARN_SUSPICIOUS_MOVE = YES;
				CLANG_WARN_UNGUARDED_AVAILABILITY = YES_AGGRESSIVE;
				CLANG_WARN_UNREACHABLE_CODE = YES;
				CLANG_WARN__DUPLICATE_METHOD_MATCH = YES;
				CODE_SIGN_IDENTITY = "iPhone Developer";
				COPY_PHASE_STRIP = NO;
				DEBUG_INFORMATION_FORMAT = "dwarf-with-dsym";
				ENABLE_NS_ASSERTIONS = NO;
				ENABLE_STRICT_OBJC_MSGSEND = YES;
				GCC_C_LANGUAGE_STANDARD = gnu11;
				GCC_NO_COMMON_BLOCKS = YES;
				GCC_WARN_64_TO_32_BIT_CONVERSION = YES;
				GCC_WARN_ABOUT_RETURN_TYPE = YES_ERROR;
				GCC_WARN_UNDECLARED_SELECTOR = YES;
				GCC_WARN_UNINITIALIZED_AUTOS = YES_AGGRESSIVE;
				GCC_WARN_UNUSED_FUNCTION = YES;
				GCC_WARN_UNUSED_VARIABLE = YES;
				IPHONEOS_DEPLOYMENT_TARGET = 12.1;
				MTL_ENABLE_DEBUG_INFO = NO;
				MTL_FAST_MATH = YES;
				SDKROOT = iphoneos;
				SWIFT_COMPILATION_MODE = wholemodule;
				SWIFT_OPTIMIZATION_LEVEL = "-O";
				VALIDATE_PRODUCT = YES;
			};
			name = Release;
		};
		6CE540A021B77ECA0086FE2B /* Debug */ = {
			isa = XCBuildConfiguration;
			buildSettings = {
				ASSETCATALOG_COMPILER_APPICON_NAME = AppIcon;
				CODE_SIGN_STYLE = Automatic;
				DEVELOPMENT_TEAM = 58B9M9NL9X;
				INFOPLIST_FILE = CardDrop/Info.plist;
				LD_RUNPATH_SEARCH_PATHS = (
					"$(inherited)",
					"@executable_path/Frameworks",
				);
				PRODUCT_BUNDLE_IDENTIFIER = com.appdelight.CardDrop;
				PRODUCT_NAME = "$(TARGET_NAME)";
				SWIFT_VERSION = 4.2;
				TARGETED_DEVICE_FAMILY = "1,2";
			};
			name = Debug;
		};
		6CE540A121B77ECA0086FE2B /* Release */ = {
			isa = XCBuildConfiguration;
			buildSettings = {
				ASSETCATALOG_COMPILER_APPICON_NAME = AppIcon;
				CODE_SIGN_STYLE = Automatic;
				DEVELOPMENT_TEAM = 58B9M9NL9X;
				INFOPLIST_FILE = CardDrop/Info.plist;
				LD_RUNPATH_SEARCH_PATHS = (
					"$(inherited)",
					"@executable_path/Frameworks",
				);
				PRODUCT_BUNDLE_IDENTIFIER = com.appdelight.CardDrop;
				PRODUCT_NAME = "$(TARGET_NAME)";
				SWIFT_VERSION = 4.2;
				TARGETED_DEVICE_FAMILY = "1,2";
			};
			name = Release;
		};
/* End XCBuildConfiguration section */

/* Begin XCConfigurationList section */
		6CE5408821B77EC90086FE2B /* Build configuration list for PBXProject "CardDrop" */ = {
			isa = XCConfigurationList;
			buildConfigurations = (
				6CE5409D21B77ECA0086FE2B /* Debug */,
				6CE5409E21B77ECA0086FE2B /* Release */,
			);
			defaultConfigurationIsVisible = 0;
			defaultConfigurationName = Release;
		};
		6CE5409F21B77ECA0086FE2B /* Build configuration list for PBXNativeTarget "CardDrop" */ = {
			isa = XCConfigurationList;
			buildConfigurations = (
				6CE540A021B77ECA0086FE2B /* Debug */,
				6CE540A121B77ECA0086FE2B /* Release */,
			);
			defaultConfigurationIsVisible = 0;
			defaultConfigurationName = Release;
		};
/* End XCConfigurationList section */
	};
	rootObject = 6CE5408521B77EC90086FE2B /* Project object */;
}
